<?xml version="1.0" encoding="utf-8"?>
<Project ToolsVersion="4.0" xmlns="http://schemas.microsoft.com/developer/msbuild/2003">
  <ItemGroup>
    <Filter Include="win32">
      <UniqueIdentifier>{84a8ebd7-7cf0-47f6-b75e-d441df67da40}</UniqueIdentifier>
    </Filter>
    <Filter Include="resource">
      <UniqueIdentifier>{715254bc-d70b-4ec5-bf29-467dd3ace079}</UniqueIdentifier>
    </Filter>
    <Filter Include="src">
      <UniqueIdentifier>{bb6c862e-70e9-49d9-81b7-3829a6f50471}</UniqueIdentifier>
    </Filter>
    <Filter Include="src\tiles">
      <UniqueIdentifier>{18eeb5bd-7042-4792-94bd-4f1f551c4f32}</UniqueIdentifier>
    </Filter>
    <Filter Include="src\moving objects">
      <UniqueIdentifier>{b95cdcbf-4fe7-4fbc-802e-94141513e16f}</UniqueIdentifier>
    </Filter>
  </ItemGroup>
  <ItemGroup>
    <ClCompile Include="main.cpp">
      <Filter>win32</Filter>
    </ClCompile>
    <ClCompile Include="..\Classes\AppDelegate.cpp">
      <Filter>src</Filter>
    </ClCompile>
    <ClCompile Include="..\Classes\Level1.cpp">
      <Filter>src</Filter>
    </ClCompile>
    <ClCompile Include="..\Classes\FruitTile.cpp">
      <Filter>src\tiles</Filter>
    </ClCompile>
    <ClCompile Include="..\Classes\PelletTile.cpp">
      <Filter>src\tiles</Filter>
    </ClCompile>
    <ClCompile Include="..\Classes\PenEntranceTile.cpp">
      <Filter>src\tiles</Filter>
    </ClCompile>
    <ClCompile Include="..\Classes\PowerPelletTile.cpp">
      <Filter>src\tiles</Filter>
    </ClCompile>
    <ClCompile Include="..\Classes\WallTile.cpp">
      <Filter>src\tiles</Filter>
    </ClCompile>
    <ClCompile Include="..\Classes\TileBase.cpp">
      <Filter>src\tiles</Filter>
    </ClCompile>
    <ClCompile Include="..\Classes\Ghost.cpp">
      <Filter>src\moving objects</Filter>
    </ClCompile>
    <ClCompile Include="..\Classes\MovingObject.cpp">
      <Filter>src\moving objects</Filter>
    </ClCompile>
    <ClCompile Include="..\Classes\TheManHimself.cpp">
      <Filter>src\moving objects</Filter>
    </ClCompile>
  </ItemGroup>
  <ItemGroup>
    <ClInclude Include="main.h">
      <Filter>win32</Filter>
    </ClInclude>
    <ClInclude Include="..\Classes\AppDelegate.h">
      <Filter>src</Filter>
    </ClInclude>
    <ClInclude Include="..\Classes\Level1.h">
      <Filter>src</Filter>
    </ClInclude>
    <ClInclude Include="..\Classes\FruitTile.h">
      <Filter>src\tiles</Filter>
    </ClInclude>
    <ClInclude Include="..\Classes\PelletTile.h">
      <Filter>src\tiles</Filter>
    </ClInclude>
    <ClInclude Include="..\Classes\PenEntranceTile.h">
      <Filter>src\tiles</Filter>
    </ClInclude>
    <ClInclude Include="..\Classes\PowerPelletTile.h">
      <Filter>src\tiles</Filter>
    </ClInclude>
    <ClInclude Include="..\Classes\WallTile.h">
      <Filter>src\tiles</Filter>
    </ClInclude>
    <ClInclude Include="..\Classes\TileBase.h">
      <Filter>src\tiles</Filter>
    </ClInclude>
    <ClInclude Include="..\Classes\Ghost.h">
      <Filter>src\moving objects</Filter>
    </ClInclude>
    <ClInclude Include="..\Classes\MovingObject.h">
      <Filter>src\moving objects</Filter>
    </ClInclude>
    <ClInclude Include="..\Classes\TheManHimself.h">
      <Filter>src\moving objects</Filter>
    </ClInclude>
  </ItemGroup>
  <ItemGroup>
    <ResourceCompile Include="game.rc">
      <Filter>resource</Filter>
    </ResourceCompile>
  </ItemGroup>
</Project>